// !$*UTF8*$!
{
	archiveVersion = 1;
	classes = {
	};
	objectVersion = 46;
	objects = {

/* Begin PBXBuildFile section */
		891191C8182C96D900F47731 /* Foundation.framework in Frameworks */ = {isa = PBXBuildFile; fileRef = 891191C7182C96D900F47731 /* Foundation.framework */; };
		891191CA182C96D900F47731 /* CoreGraphics.framework in Frameworks */ = {isa = PBXBuildFile; fileRef = 891191C9182C96D900F47731 /* CoreGraphics.framework */; };
		891191CC182C96D900F47731 /* UIKit.framework in Frameworks */ = {isa = PBXBuildFile; fileRef = 891191CB182C96D900F47731 /* UIKit.framework */; };
		891191D2182C96D900F47731 /* InfoPlist.strings in Resources */ = {isa = PBXBuildFile; fileRef = 891191D0182C96D900F47731 /* InfoPlist.strings */; };
		891191D4182C96D900F47731 /* main.m in Sources */ = {isa = PBXBuildFile; fileRef = 891191D3182C96D900F47731 /* main.m */; };
		891191D8182C96D900F47731 /* SFAppDelegate.m in Sources */ = {isa = PBXBuildFile; fileRef = 891191D7182C96D900F47731 /* SFAppDelegate.m */; };
		891191DB182C96D900F47731 /* Main.storyboard in Resources */ = {isa = PBXBuildFile; fileRef = 891191D9182C96D900F47731 /* Main.storyboard */; };
		891191DE182C96D900F47731 /* SFViewController.m in Sources */ = {isa = PBXBuildFile; fileRef = 891191DD182C96D900F47731 /* SFViewController.m */; };
		891191E0182C96D900F47731 /* Images.xcassets in Resources */ = {isa = PBXBuildFile; fileRef = 891191DF182C96D900F47731 /* Images.xcassets */; };
		891191E7182C96DA00F47731 /* XCTest.framework in Frameworks */ = {isa = PBXBuildFile; fileRef = 891191E6182C96DA00F47731 /* XCTest.framework */; };
		891191E8182C96DA00F47731 /* Foundation.framework in Frameworks */ = {isa = PBXBuildFile; fileRef = 891191C7182C96D900F47731 /* Foundation.framework */; };
		891191E9182C96DA00F47731 /* UIKit.framework in Frameworks */ = {isa = PBXBuildFile; fileRef = 891191CB182C96D900F47731 /* UIKit.framework */; };
		891191F1182C96DA00F47731 /* InfoPlist.strings in Resources */ = {isa = PBXBuildFile; fileRef = 891191EF182C96DA00F47731 /* InfoPlist.strings */; };
		891191F3182C96DA00F47731 /* FunWithGitTests.m in Sources */ = {isa = PBXBuildFile; fileRef = 891191F2182C96DA00F47731 /* FunWithGitTests.m */; };
/* End PBXBuildFile section */

/* Begin PBXContainerItemProxy section */
		891191EA182C96DA00F47731 /* PBXContainerItemProxy */ = {
			isa = PBXContainerItemProxy;
			containerPortal = 891191BC182C96D900F47731 /* Project object */;
			proxyType = 1;
			remoteGlobalIDString = 891191C3182C96D900F47731;
			remoteInfo = FunWithGit;
		};
/* End PBXContainerItemProxy section */

/* Begin PBXFileReference section */
		891191C4182C96D900F47731 /* FunWithGit.app */ = {isa = PBXFileReference; explicitFileType = wrapper.application; includeInIndex = 0; path = FunWithGit.app; sourceTree = BUILT_PRODUCTS_DIR; };
		891191C7182C96D900F47731 /* Foundation.framework */ = {isa = PBXFileReference; lastKnownFileType = wrapper.framework; name = Foundation.framework; path = System/Library/Frameworks/Foundation.framework; sourceTree = SDKROOT; };
		891191C9182C96D900F47731 /* CoreGraphics.framework */ = {isa = PBXFileReference; lastKnownFileType = wrapper.framework; name = CoreGraphics.framework; path = System/Library/Frameworks/CoreGraphics.framework; sourceTree = SDKROOT; };
		891191CB182C96D900F47731 /* UIKit.framework */ = {isa = PBXFileReference; lastKnownFileType = wrapper.framework; name = UIKit.framework; path = System/Library/Frameworks/UIKit.framework; sourceTree = SDKROOT; };
		891191CF182C96D900F47731 /* FunWithGit-Info.plist */ = {isa = PBXFileReference; lastKnownFileType = text.plist.xml; path = "FunWithGit-Info.plist"; sourceTree = "<group>"; };
		891191D1182C96D900F47731 /* en */ = {isa = PBXFileReference; lastKnownFileType = text.plist.strings; name = en; path = en.lproj/InfoPlist.strings; sourceTree = "<group>"; };
		891191D3182C96D900F47731 /* main.m */ = {isa = PBXFileReference; lastKnownFileType = sourcecode.c.objc; path = main.m; sourceTree = "<group>"; };
		891191D5182C96D900F47731 /* FunWithGit-Prefix.pch */ = {isa = PBXFileReference; lastKnownFileType = sourcecode.c.h; path = "FunWithGit-Prefix.pch"; sourceTree = "<group>"; };
		891191D6182C96D900F47731 /* SFAppDelegate.h */ = {isa = PBXFileReference; lastKnownFileType = sourcecode.c.h; path = SFAppDelegate.h; sourceTree = "<group>"; };
		891191D7182C96D900F47731 /* SFAppDelegate.m */ = {isa = PBXFileReference; lastKnownFileType = sourcecode.c.objc; path = SFAppDelegate.m; sourceTree = "<group>"; };
		891191DA182C96D900F47731 /* Base */ = {isa = PBXFileReference; lastKnownFileType = file.storyboard; name = Base; path = Base.lproj/Main.storyboard; sourceTree = "<group>"; };
		891191DC182C96D900F47731 /* SFViewController.h */ = {isa = PBXFileReference; lastKnownFileType = sourcecode.c.h; path = SFViewController.h; sourceTree = "<group>"; };
		891191DD182C96D900F47731 /* SFViewController.m */ = {isa = PBXFileReference; lastKnownFileType = sourcecode.c.objc; path = SFViewController.m; sourceTree = "<group>"; };
		891191DF182C96D900F47731 /* Images.xcassets */ = {isa = PBXFileReference; lastKnownFileType = folder.assetcatalog; path = Images.xcassets; sourceTree = "<group>"; };
		891191E5182C96DA00F47731 /* FunWithGitTests.xctest */ = {isa = PBXFileReference; explicitFileType = wrapper.cfbundle; includeInIndex = 0; path = FunWithGitTests.xctest; sourceTree = BUILT_PRODUCTS_DIR; };
		891191E6182C96DA00F47731 /* XCTest.framework */ = {isa = PBXFileReference; lastKnownFileType = wrapper.framework; name = XCTest.framework; path = Library/Frameworks/XCTest.framework; sourceTree = DEVELOPER_DIR; };
		891191EE182C96DA00F47731 /* FunWithGitTests-Info.plist */ = {isa = PBXFileReference; lastKnownFileType = text.plist.xml; path = "FunWithGitTests-Info.plist"; sourceTree = "<group>"; };
		891191F0182C96DA00F47731 /* en */ = {isa = PBXFileReference; lastKnownFileType = text.plist.strings; name = en; path = en.lproj/InfoPlist.strings; sourceTree = "<group>"; };
		891191F2182C96DA00F47731 /* FunWithGitTests.m */ = {isa = PBXFileReference; lastKnownFileType = sourcecode.c.objc; path = FunWithGitTests.m; sourceTree = "<group>"; };
/* End PBXFileReference section */

/* Begin PBXFrameworksBuildPhase section */
		891191C1182C96D900F47731 /* Frameworks */ = {
			isa = PBXFrameworksBuildPhase;
			buildActionMask = 2147483647;
			files = (
				891191CA182C96D900F47731 /* CoreGraphics.framework in Frameworks */,
				891191CC182C96D900F47731 /* UIKit.framework in Frameworks */,
				891191C8182C96D900F47731 /* Foundation.framework in Frameworks */,
			);
			runOnlyForDeploymentPostprocessing = 0;
		};
		891191E2182C96DA00F47731 /* Frameworks */ = {
			isa = PBXFrameworksBuildPhase;
			buildActionMask = 2147483647;
			files = (
				891191E7182C96DA00F47731 /* XCTest.framework in Frameworks */,
				891191E9182C96DA00F47731 /* UIKit.framework in Frameworks */,
				891191E8182C96DA00F47731 /* Foundation.framework in Frameworks */,
			);
			runOnlyForDeploymentPostprocessing = 0;
		};
/* End PBXFrameworksBuildPhase section */

/* Begin PBXGroup section */
		891191BB182C96D900F47731 = {
			isa = PBXGroup;
			children = (
				891191CD182C96D900F47731 /* FunWithGit */,
				891191EC182C96DA00F47731 /* FunWithGitTests */,
				891191C6182C96D900F47731 /* Frameworks */,
				891191C5182C96D900F47731 /* Products */,
			);
			sourceTree = "<group>";
		};
		891191C5182C96D900F47731 /* Products */ = {
			isa = PBXGroup;
			children = (
				891191C4182C96D900F47731 /* FunWithGit.app */,
				891191E5182C96DA00F47731 /* FunWithGitTests.xctest */,
			);
			name = Products;
			sourceTree = "<group>";
		};
		891191C6182C96D900F47731 /* Frameworks */ = {
			isa = PBXGroup;
			children = (
				891191C7182C96D900F47731 /* Foundation.framework */,
				891191C9182C96D900F47731 /* CoreGraphics.framework */,
				891191CB182C96D900F47731 /* UIKit.framework */,
				891191E6182C96DA00F47731 /* XCTest.framework */,
			);
			name = Frameworks;
			sourceTree = "<group>";
		};
		891191CD182C96D900F47731 /* FunWithGit */ = {
			isa = PBXGroup;
			children = (
				891191D6182C96D900F47731 /* SFAppDelegate.h */,
				891191D7182C96D900F47731 /* SFAppDelegate.m */,
				891191D9182C96D900F47731 /* Main.storyboard */,
				891191DC182C96D900F47731 /* SFViewController.h */,
				891191DD182C96D900F47731 /* SFViewController.m */,
				891191DF182C96D900F47731 /* Images.xcassets */,
				891191CE182C96D900F47731 /* Supporting Files */,
			);
			path = FunWithGit;
			sourceTree = "<group>";
		};
		891191CE182C96D900F47731 /* Supporting Files */ = {
			isa = PBXGroup;
			children = (
				891191CF182C96D900F47731 /* FunWithGit-Info.plist */,
				891191D0182C96D900F47731 /* InfoPlist.strings */,
				891191D3182C96D900F47731 /* main.m */,
				891191D5182C96D900F47731 /* FunWithGit-Prefix.pch */,
			);
			name = "Supporting Files";
			sourceTree = "<group>";
		};
		891191EC182C96DA00F47731 /* FunWithGitTests */ = {
			isa = PBXGroup;
			children = (
				891191F2182C96DA00F47731 /* FunWithGitTests.m */,
				891191ED182C96DA00F47731 /* Supporting Files */,
			);
			path = FunWithGitTests;
			sourceTree = "<group>";
		};
		891191ED182C96DA00F47731 /* Supporting Files */ = {
			isa = PBXGroup;
			children = (
				891191EE182C96DA00F47731 /* FunWithGitTests-Info.plist */,
				891191EF182C96DA00F47731 /* InfoPlist.strings */,
			);
			name = "Supporting Files";
			sourceTree = "<group>";
		};
/* End PBXGroup section */

/* Begin PBXNativeTarget section */
		891191C3182C96D900F47731 /* FunWithGit */ = {
			isa = PBXNativeTarget;
			buildConfigurationList = 891191F6182C96DA00F47731 /* Build configuration list for PBXNativeTarget "FunWithGit" */;
			buildPhases = (
				891191C0182C96D900F47731 /* Sources */,
				891191C1182C96D900F47731 /* Frameworks */,
				891191C2182C96D900F47731 /* Resources */,
			);
			buildRules = (
			);
			dependencies = (
			);
			name = FunWithGit;
			productName = FunWithGit;
			productReference = 891191C4182C96D900F47731 /* FunWithGit.app */;
			productType = "com.apple.product-type.application";
		};
		891191E4182C96DA00F47731 /* FunWithGitTests */ = {
			isa = PBXNativeTarget;
			buildConfigurationList = 891191F9182C96DA00F47731 /* Build configuration list for PBXNativeTarget "FunWithGitTests" */;
			buildPhases = (
				891191E1182C96DA00F47731 /* Sources */,
				891191E2182C96DA00F47731 /* Frameworks */,
				891191E3182C96DA00F47731 /* Resources */,
			);
			buildRules = (
			);
			dependencies = (
				891191EB182C96DA00F47731 /* PBXTargetDependency */,
			);
			name = FunWithGitTests;
			productName = FunWithGitTests;
			productReference = 891191E5182C96DA00F47731 /* FunWithGitTests.xctest */;
			productType = "com.apple.product-type.bundle.unit-test";
		};
/* End PBXNativeTarget section */

/* Begin PBXProject section */
		891191BC182C96D900F47731 /* Project object */ = {
			isa = PBXProject;
			attributes = {
				CLASSPREFIX = SF;
				LastUpgradeCheck = 0500;
				ORGANIZATIONNAME = "Spencer Fornaciari";
				TargetAttributes = {
					891191E4182C96DA00F47731 = {
						TestTargetID = 891191C3182C96D900F47731;
					};
				};
			};
			buildConfigurationList = 891191BF182C96D900F47731 /* Build configuration list for PBXProject "FunWithGit" */;
			compatibilityVersion = "Xcode 3.2";
			developmentRegion = English;
			hasScannedForEncodings = 0;
			knownRegions = (
				en,
				Base,
			);
			mainGroup = 891191BB182C96D900F47731;
			productRefGroup = 891191C5182C96D900F47731 /* Products */;
			projectDirPath = "";
			projectRoot = "";
			targets = (
				891191C3182C96D900F47731 /* FunWithGit */,
				891191E4182C96DA00F47731 /* FunWithGitTests */,
			);
		};
/* End PBXProject section */

/* Begin PBXResourcesBuildPhase section */
		891191C2182C96D900F47731 /* Resources */ = {
			isa = PBXResourcesBuildPhase;
			buildActionMask = 2147483647;
			files = (
				891191E0182C96D900F47731 /* Images.xcassets in Resources */,
				891191D2182C96D900F47731 /* InfoPlist.strings in Resources */,
				891191DB182C96D900F47731 /* Main.storyboard in Resources */,
			);
			runOnlyForDeploymentPostprocessing = 0;
		};
		891191E3182C96DA00F47731 /* Resources */ = {
			isa = PBXResourcesBuildPhase;
			buildActionMask = 2147483647;
			files = (
				891191F1182C96DA00F47731 /* InfoPlist.strings in Resources */,
			);
			runOnlyForDeploymentPostprocessing = 0;
		};
/* End PBXResourcesBuildPhase section */

/* Begin PBXSourcesBuildPhase section */
		891191C0182C96D900F47731 /* Sources */ = {
			isa = PBXSourcesBuildPhase;
			buildActionMask = 2147483647;
			files = (
				891191D4182C96D900F47731 /* main.m in Sources */,
				891191DE182C96D900F47731 /* SFViewController.m in Sources */,
				891191D8182C96D900F47731 /* SFAppDelegate.m in Sources */,
			);
			runOnlyForDeploymentPostprocessing = 0;
		};
		891191E1182C96DA00F47731 /* Sources */ = {
			isa = PBXSourcesBuildPhase;
			buildActionMask = 2147483647;
			files = (
				891191F3182C96DA00F47731 /* FunWithGitTests.m in Sources */,
			);
			runOnlyForDeploymentPostprocessing = 0;
		};
/* End PBXSourcesBuildPhase section */

/* Begin PBXTargetDependency section */
		891191EB182C96DA00F47731 /* PBXTargetDependency */ = {
			isa = PBXTargetDependency;
			target = 891191C3182C96D900F47731 /* FunWithGit */;
			targetProxy = 891191EA182C96DA00F47731 /* PBXContainerItemProxy */;
		};
/* End PBXTargetDependency section */

/* Begin PBXVariantGroup section */
		891191D0182C96D900F47731 /* InfoPlist.strings */ = {
			isa = PBXVariantGroup;
			children = (
				891191D1182C96D900F47731 /* en */,
			);
			name = InfoPlist.strings;
			sourceTree = "<group>";
		};
		891191D9182C96D900F47731 /* Main.storyboard */ = {
			isa = PBXVariantGroup;
			children = (
				891191DA182C96D900F47731 /* Base */,
			);
			name = Main.storyboard;
			sourceTree = "<group>";
		};
		891191EF182C96DA00F47731 /* InfoPlist.strings */ = {
			isa = PBXVariantGroup;
			children = (
				891191F0182C96DA00F47731 /* en */,
			);
			name = InfoPlist.strings;
			sourceTree = "<group>";
		};
/* End PBXVariantGroup section */

/* Begin XCBuildConfiguration section */
		891191F4182C96DA00F47731 /* Debug */ = {
			isa = XCBuildConfiguration;
			buildSettings = {
				ALWAYS_SEARCH_USER_PATHS = NO;
				ARCHS = "$(ARCHS_STANDARD_INCLUDING_64_BIT)";
				CLANG_CXX_LANGUAGE_STANDARD = "gnu++0x";
				CLANG_CXX_LIBRARY = "libc++";
				CLANG_ENABLE_MODULES = YES;
				CLANG_ENABLE_OBJC_ARC = YES;
				CLANG_WARN_BOOL_CONVERSION = YES;
				CLANG_WARN_CONSTANT_CONVERSION = YES;
				CLANG_WARN_DIRECT_OBJC_ISA_USAGE = YES_ERROR;
				CLANG_WARN_EMPTY_BODY = YES;
				CLANG_WARN_ENUM_CONVERSION = YES;
				CLANG_WARN_INT_CONVERSION = YES;
				CLANG_WARN_OBJC_ROOT_CLASS = YES_ERROR;
				CLANG_WARN__DUPLICATE_METHOD_MATCH = YES;
				"CODE_SIGN_IDENTITY[sdk=iphoneos*]" = "iPhone Developer";
				COPY_PHASE_STRIP = NO;
				GCC_C_LANGUAGE_STANDARD = gnu99;
				GCC_DYNAMIC_NO_PIC = NO;
				GCC_OPTIMIZATION_LEVEL = 0;
				GCC_PREPROCESSOR_DEFINITIONS = (
					"DEBUG=1",
					"$(inherited)",
				);
				GCC_SYMBOLS_PRIVATE_EXTERN = NO;
				GCC_WARN_64_TO_32_BIT_CONVERSION = YES;
				GCC_WARN_ABOUT_RETURN_TYPE = YES_ERROR;
				GCC_WARN_UNDECLARED_SELECTOR = YES;
				GCC_WARN_UNINITIALIZED_AUTOS = YES;
				GCC_WARN_UNUSED_FUNCTION = YES;
				GCC_WARN_UNUSED_VARIABLE = YES;
				IPHONEOS_DEPLOYMENT_TARGET = 7.0;
				ONLY_ACTIVE_ARCH = YES;
				SDKROOT = iphoneos;
			};
			name = Debug;
		};
		891191F5182C96DA00F47731 /* Release */ = {
			isa = XCBuildConfiguration;
			buildSettings = {
				ALWAYS_SEARCH_USER_PATHS = NO;
				ARCHS = "$(ARCHS_STANDARD_INCLUDING_64_BIT)";
				CLANG_CXX_LANGUAGE_STANDARD = "gnu++0x";
				CLANG_CXX_LIBRARY = "libc++";
				CLANG_ENABLE_MODULES = YES;
				CLANG_ENABLE_OBJC_ARC = YES;
				CLANG_WARN_BOOL_CONVERSION = YES;
				CLANG_WARN_CONSTANT_CONVERSION = YES;
				CLANG_WARN_DIRECT_OBJC_ISA_USAGE = YES_ERROR;
				CLANG_WARN_EMPTY_BODY = YES;
				CLANG_WARN_ENUM_CONVERSION = YES;
				CLANG_WARN_INT_CONVERSION = YES;
				CLANG_WARN_OBJC_ROOT_CLASS = YES_ERROR;
				CLANG_WARN__DUPLICATE_METHOD_MATCH = YES;
				"CODE_SIGN_IDENTITY[sdk=iphoneos*]" = "iPhone Developer";
				COPY_PHASE_STRIP = YES;
				ENABLE_NS_ASSERTIONS = NO;
				GCC_C_LANGUAGE_STANDARD = gnu99;
				GCC_WARN_64_TO_32_BIT_CONVERSION = YES;
				GCC_WARN_ABOUT_RETURN_TYPE = YES_ERROR;
				GCC_WARN_UNDECLARED_SELECTOR = YES;
				GCC_WARN_UNINITIALIZED_AUTOS = YES;
				GCC_WARN_UNUSED_FUNCTION = YES;
				GCC_WARN_UNUSED_VARIABLE = YES;
				IPHONEOS_DEPLOYMENT_TARGET = 7.0;
				SDKROOT = iphoneos;
				VALIDATE_PRODUCT = YES;
			};
			name = Release;
		};
		891191F7182C96DA00F47731 /* Debug */ = {
			isa = XCBuildConfiguration;
			buildSettings = {
				ASSETCATALOG_COMPILER_APPICON_NAME = AppIcon;
				ASSETCATALOG_COMPILER_LAUNCHIMAGE_NAME = LaunchImage;
				GCC_PRECOMPILE_PREFIX_HEADER = YES;
				GCC_PREFIX_HEADER = "FunWithGit/FunWithGit-Prefix.pch";
				INFOPLIST_FILE = "FunWithGit/FunWithGit-Info.plist";
				PRODUCT_NAME = "$(TARGET_NAME)";
				WRAPPER_EXTENSION = app;
			};
			name = Debug;
		};
		891191F8182C96DA00F47731 /* Release */ = {
			isa = XCBuildConfiguration;
			buildSettings = {
				ASSETCATALOG_COMPILER_APPICON_NAME = AppIcon;
				ASSETCATALOG_COMPILER_LAUNCHIMAGE_NAME = LaunchImage;
				GCC_PRECOMPILE_PREFIX_HEADER = YES;
				GCC_PREFIX_HEADER = "FunWithGit/FunWithGit-Prefix.pch";
				INFOPLIST_FILE = "FunWithGit/FunWithGit-Info.plist";
				PRODUCT_NAME = "$(TARGET_NAME)";
				WRAPPER_EXTENSION = app;
			};
			name = Release;
		};
		891191FA182C96DA00F47731 /* Debug */ = {
			isa = XCBuildConfiguration;
			buildSettings = {
				ARCHS = "$(ARCHS_STANDARD_INCLUDING_64_BIT)";
				BUNDLE_LOADER = "$(BUILT_PRODUCTS_DIR)/FunWithGit.app/FunWithGit";
				FRAMEWORK_SEARCH_PATHS = (
					"$(SDKROOT)/Developer/Library/Frameworks",
					"$(inherited)",
					"$(DEVELOPER_FRAMEWORKS_DIR)",
				);
				GCC_PRECOMPILE_PREFIX_HEADER = YES;
				GCC_PREFIX_HEADER = "FunWithGit/FunWithGit-Prefix.pch";
				GCC_PREPROCESSOR_DEFINITIONS = (
					"DEBUG=1",
					"$(inherited)",
				);
				INFOPLIST_FILE = "FunWithGitTests/FunWithGitTests-Info.plist";
				PRODUCT_NAME = "$(TARGET_NAME)";
				TEST_HOST = "$(BUNDLE_LOADER)";
				WRAPPER_EXTENSION = xctest;
			};
			name = Debug;
		};
		891191FB182C96DA00F47731 /* Release */ = {
			isa = XCBuildConfiguration;
			buildSettings = {
				ARCHS = "$(ARCHS_STANDARD_INCLUDING_64_BIT)";
				BUNDLE_LOADER = "$(BUILT_PRODUCTS_DIR)/FunWithGit.app/FunWithGit";
				FRAMEWORK_SEARCH_PATHS = (
					"$(SDKROOT)/Developer/Library/Frameworks",
					"$(inherited)",
					"$(DEVELOPER_FRAMEWORKS_DIR)",
				);
				GCC_PRECOMPILE_PREFIX_HEADER = YES;
				GCC_PREFIX_HEADER = "FunWithGit/FunWithGit-Prefix.pch";
				INFOPLIST_FILE = "FunWithGitTests/FunWithGitTests-Info.plist";
				PRODUCT_NAME = "$(TARGET_NAME)";
				TEST_HOST = "$(BUNDLE_LOADER)";
				WRAPPER_EXTENSION = xctest;
			};
			name = Release;
		};
/* End XCBuildConfiguration section */

/* Begin XCConfigurationList section */
		891191BF182C96D900F47731 /* Build configuration list for PBXProject "FunWithGit" */ = {
			isa = XCConfigurationList;
			buildConfigurations = (
				891191F4182C96DA00F47731 /* Debug */,
				891191F5182C96DA00F47731 /* Release */,
			);
			defaultConfigurationIsVisible = 0;
			defaultConfigurationName = Release;
		};
		891191F6182C96DA00F47731 /* Build configuration list for PBXNativeTarget "FunWithGit" */ = {
			isa = XCConfigurationList;
			buildConfigurations = (
				891191F7182C96DA00F47731 /* Debug */,
				891191F8182C96DA00F47731 /* Release */,
			);
			defaultConfigurationIsVisible = 0;
		};
		891191F9182C96DA00F47731 /* Build configuration list for PBXNativeTarget "FunWithGitTests" */ = {
			isa = XCConfigurationList;
			buildConfigurations = (
				891191FA182C96DA00F47731 /* Debug */,
				891191FB182C96DA00F47731 /* Release */,
			);
			defaultConfigurationIsVisible = 0;
		};
/* End XCConfigurationList section */
	};
	rootObject = 891191BC182C96D900F47731 /* Project object */;
}
